
Microsoft Visual Studio Solution File, Format Version 12.00
# Visual Studio Version 17
VisualStudioVersion = 17.9.34622.214
MinimumVisualStudioVersion = 10.0.40219.1
Project("{9A19103F-16F7-4668-BE54-9A1E7A4F7556}") = "MyBackend", "MyBackend\MyBackend.csproj", "{979EB594-3BBC-46AF-8FD5-733C8387601D}"
EndProject
Project("{9A19103F-16F7-4668-BE54-9A1E7A4F7556}") = "MyBackendTests", "MyBackendTests\MyBackendTests.csproj", "{2B1C93AE-8131-43E8-966E-A16359BDA6DB}"
EndProject
Project("{9A19103F-16F7-4668-BE54-9A1E7A4F7556}") = "MyGui", "MyGui\MyGui.csproj", "{AB0F1C23-9120-49DE-AC16-264DDC91B130}"
EndProject
Global
	GlobalSection(SolutionConfigurationPlatforms) = preSolution
		Debug|Any CPU = Debug|Any CPU
		Release|Any CPU = Release|Any CPU
	EndGlobalSection
	GlobalSection(ProjectConfigurationPlatforms) = postSolution
		{979EB594-3BBC-46AF-8FD5-733C8387601D}.Debug|Any CPU.ActiveCfg = Debug|Any CPU
		{979EB594-3BBC-46AF-8FD5-733C8387601D}.Debug|Any CPU.Build.0 = Debug|Any CPU
		{979EB594-3BBC-46AF-8FD5-733C8387601D}.Release|Any CPU.ActiveCfg = Release|Any CPU
		{979EB594-3BBC-46AF-8FD5-733C8387601D}.Release|Any CPU.Build.0 = Release|Any CPU
		{2B1C93AE-8131-43E8-966E-A16359BDA6DB}.Debug|Any CPU.ActiveCfg = Debug|Any CPU
		{2B1C93AE-8131-43E8-966E-A16359BDA6DB}.Debug|Any CPU.Build.0 = Debug|Any CPU
		{2B1C93AE-8131-43E8-966E-A16359BDA6DB}.Release|Any CPU.ActiveCfg = Release|Any CPU
		{2B1C93AE-8131-43E8-966E-A16359BDA6DB}.Release|Any CPU.Build.0 = Release|Any CPU
		{AB0F1C23-9120-49DE-AC16-264DDC91B130}.Debug|Any CPU.ActiveCfg = Debug|Any CPU
		{AB0F1C23-9120-49DE-AC16-264DDC91B130}.Debug|Any CPU.Build.0 = Debug|Any CPU
		{AB0F1C23-9120-49DE-AC16-264DDC91B130}.Release|Any CPU.ActiveCfg = Release|Any CPU
		{AB0F1C23-9120-49DE-AC16-264DDC91B130}.Release|Any CPU.Build.0 = Release|Any CPU
	EndGlobalSection
	GlobalSection(SolutionProperties) = preSolution
		HideSolutionNode = FALSE
	EndGlobalSection
	GlobalSection(ExtensibilityGlobals) = postSolution
		SolutionGuid = {4B87246C-DB8B-4B8A-A029-1CFA4C0D6FFB}
	EndGlobalSection
EndGlobal
